
Microsoft Visual Studio Solution File, Format Version 12.00
# Visual Studio 15
VisualStudioVersion = 15.0.26430.16
MinimumVisualStudioVersion = 10.0.40219.1
Project("{FAE04EC0-301F-11D3-BF4B-00C04F79EFBC}") = "PHPTravekSite", "PHPTravekSite\PHPTravekSite.csproj", "{C9DA3D16-4DFD-4C8A-AF82-3F7C5EB8599A}"
EndProject
Global
	GlobalSection(SolutionConfigurationPlatforms) = preSolution
		Debug|Any CPU = Debug|Any CPU
		Release|Any CPU = Release|Any CPU
	EndGlobalSection
	GlobalSection(ProjectConfigurationPlatforms) = postSolution
		{C9DA3D16-4DFD-4C8A-AF82-3F7C5EB8599A}.Debug|Any CPU.ActiveCfg = Debug|Any CPU
		{C9DA3D16-4DFD-4C8A-AF82-3F7C5EB8599A}.Debug|Any CPU.Build.0 = Debug|Any CPU
		{C9DA3D16-4DFD-4C8A-AF82-3F7C5EB8599A}.Release|Any CPU.ActiveCfg = Release|Any CPU
		{C9DA3D16-4DFD-4C8A-AF82-3F7C5EB8599A}.Release|Any CPU.Build.0 = Release|Any CPU
	EndGlobalSection
	GlobalSection(SolutionProperties) = preSolution
		HideSolutionNode = FALSE
	EndGlobalSection
EndGlobal
